// !$*UTF8*$!
{
	archiveVersion = 1;
	classes = {
	};
	objectVersion = 46;
	objects = {

/* Begin PBXBuildFile section */
		56D58CDF1DF8B61900EF7586 /* AppDelegate.swift in Sources */ = {isa = PBXBuildFile; fileRef = 56D58CDE1DF8B61900EF7586 /* AppDelegate.swift */; };
		56D58CE11DF8B61900EF7586 /* ViewController.swift in Sources */ = {isa = PBXBuildFile; fileRef = 56D58CE01DF8B61900EF7586 /* ViewController.swift */; };
		56D58CE41DF8B61900EF7586 /* Main.storyboard in Resources */ = {isa = PBXBuildFile; fileRef = 56D58CE21DF8B61900EF7586 /* Main.storyboard */; };
		56D58CE61DF8B61900EF7586 /* Assets.xcassets in Resources */ = {isa = PBXBuildFile; fileRef = 56D58CE51DF8B61900EF7586 /* Assets.xcassets */; };
		56D58CE91DF8B61900EF7586 /* LaunchScreen.storyboard in Resources */ = {isa = PBXBuildFile; fileRef = 56D58CE71DF8B61900EF7586 /* LaunchScreen.storyboard */; };
		56D58CF41DF8B61900EF7586 /* Emoji_DictionaryTests.swift in Sources */ = {isa = PBXBuildFile; fileRef = 56D58CF31DF8B61900EF7586 /* Emoji_DictionaryTests.swift */; };
		56D58CFF1DF8B61900EF7586 /* Emoji_DictionaryUITests.swift in Sources */ = {isa = PBXBuildFile; fileRef = 56D58CFE1DF8B61900EF7586 /* Emoji_DictionaryUITests.swift */; };
/* End PBXBuildFile section */

/* Begin PBXContainerItemProxy section */
		56D58CF01DF8B61900EF7586 /* PBXContainerItemProxy */ = {
			isa = PBXContainerItemProxy;
			containerPortal = 56D58CD31DF8B61900EF7586 /* Project object */;
			proxyType = 1;
			remoteGlobalIDString = 56D58CDA1DF8B61900EF7586;
			remoteInfo = "Emoji Dictionary";
		};
		56D58CFB1DF8B61900EF7586 /* PBXContainerItemProxy */ = {
			isa = PBXContainerItemProxy;
			containerPortal = 56D58CD31DF8B61900EF7586 /* Project object */;
			proxyType = 1;
			remoteGlobalIDString = 56D58CDA1DF8B61900EF7586;
			remoteInfo = "Emoji Dictionary";
		};
/* End PBXContainerItemProxy section */

/* Begin PBXFileReference section */
		56D58CDB1DF8B61900EF7586 /* Emoji Dictionary.app */ = {isa = PBXFileReference; explicitFileType = wrapper.application; includeInIndex = 0; path = "Emoji Dictionary.app"; sourceTree = BUILT_PRODUCTS_DIR; };
		56D58CDE1DF8B61900EF7586 /* AppDelegate.swift */ = {isa = PBXFileReference; lastKnownFileType = sourcecode.swift; path = AppDelegate.swift; sourceTree = "<group>"; };
		56D58CE01DF8B61900EF7586 /* ViewController.swift */ = {isa = PBXFileReference; lastKnownFileType = sourcecode.swift; path = ViewController.swift; sourceTree = "<group>"; };
		56D58CE31DF8B61900EF7586 /* Base */ = {isa = PBXFileReference; lastKnownFileType = file.storyboard; name = Base; path = Base.lproj/Main.storyboard; sourceTree = "<group>"; };
		56D58CE51DF8B61900EF7586 /* Assets.xcassets */ = {isa = PBXFileReference; lastKnownFileType = folder.assetcatalog; path = Assets.xcassets; sourceTree = "<group>"; };
		56D58CE81DF8B61900EF7586 /* Base */ = {isa = PBXFileReference; lastKnownFileType = file.storyboard; name = Base; path = Base.lproj/LaunchScreen.storyboard; sourceTree = "<group>"; };
		56D58CEA1DF8B61900EF7586 /* Info.plist */ = {isa = PBXFileReference; lastKnownFileType = text.plist.xml; path = Info.plist; sourceTree = "<group>"; };
		56D58CEF1DF8B61900EF7586 /* Emoji DictionaryTests.xctest */ = {isa = PBXFileReference; explicitFileType = wrapper.cfbundle; includeInIndex = 0; path = "Emoji DictionaryTests.xctest"; sourceTree = BUILT_PRODUCTS_DIR; };
		56D58CF31DF8B61900EF7586 /* Emoji_DictionaryTests.swift */ = {isa = PBXFileReference; lastKnownFileType = sourcecode.swift; path = Emoji_DictionaryTests.swift; sourceTree = "<group>"; };
		56D58CF51DF8B61900EF7586 /* Info.plist */ = {isa = PBXFileReference; lastKnownFileType = text.plist.xml; path = Info.plist; sourceTree = "<group>"; };
		56D58CFA1DF8B61900EF7586 /* Emoji DictionaryUITests.xctest */ = {isa = PBXFileReference; explicitFileType = wrapper.cfbundle; includeInIndex = 0; path = "Emoji DictionaryUITests.xctest"; sourceTree = BUILT_PRODUCTS_DIR; };
		56D58CFE1DF8B61900EF7586 /* Emoji_DictionaryUITests.swift */ = {isa = PBXFileReference; lastKnownFileType = sourcecode.swift; path = Emoji_DictionaryUITests.swift; sourceTree = "<group>"; };
		56D58D001DF8B61900EF7586 /* Info.plist */ = {isa = PBXFileReference; lastKnownFileType = text.plist.xml; path = Info.plist; sourceTree = "<group>"; };
/* End PBXFileReference section */

/* Begin PBXFrameworksBuildPhase section */
		56D58CD81DF8B61900EF7586 /* Frameworks */ = {
			isa = PBXFrameworksBuildPhase;
			buildActionMask = 2147483647;
			files = (
			);
			runOnlyForDeploymentPostprocessing = 0;
		};
		56D58CEC1DF8B61900EF7586 /* Frameworks */ = {
			isa = PBXFrameworksBuildPhase;
			buildActionMask = 2147483647;
			files = (
			);
			runOnlyForDeploymentPostprocessing = 0;
		};
		56D58CF71DF8B61900EF7586 /* Frameworks */ = {
			isa = PBXFrameworksBuildPhase;
			buildActionMask = 2147483647;
			files = (
			);
			runOnlyForDeploymentPostprocessing = 0;
		};
/* End PBXFrameworksBuildPhase section */

/* Begin PBXGroup section */
		56D58CD21DF8B61900EF7586 = {
			isa = PBXGroup;
			children = (
				56D58CDD1DF8B61900EF7586 /* Emoji Dictionary */,
				56D58CF21DF8B61900EF7586 /* Emoji DictionaryTests */,
				56D58CFD1DF8B61900EF7586 /* Emoji DictionaryUITests */,
				56D58CDC1DF8B61900EF7586 /* Products */,
			);
			sourceTree = "<group>";
		};
		56D58CDC1DF8B61900EF7586 /* Products */ = {
			isa = PBXGroup;
			children = (
				56D58CDB1DF8B61900EF7586 /* Emoji Dictionary.app */,
				56D58CEF1DF8B61900EF7586 /* Emoji DictionaryTests.xctest */,
				56D58CFA1DF8B61900EF7586 /* Emoji DictionaryUITests.xctest */,
			);
			name = Products;
			sourceTree = "<group>";
		};
		56D58CDD1DF8B61900EF7586 /* Emoji Dictionary */ = {
			isa = PBXGroup;
			children = (
				56D58CDE1DF8B61900EF7586 /* AppDelegate.swift */,
				56D58CE01DF8B61900EF7586 /* ViewController.swift */,
				56D58CE21DF8B61900EF7586 /* Main.storyboard */,
				56D58CE51DF8B61900EF7586 /* Assets.xcassets */,
				56D58CE71DF8B61900EF7586 /* LaunchScreen.storyboard */,
				56D58CEA1DF8B61900EF7586 /* Info.plist */,
			);
			path = "Emoji Dictionary";
			sourceTree = "<group>";
		};
		56D58CF21DF8B61900EF7586 /* Emoji DictionaryTests */ = {
			isa = PBXGroup;
			children = (
				56D58CF31DF8B61900EF7586 /* Emoji_DictionaryTests.swift */,
				56D58CF51DF8B61900EF7586 /* Info.plist */,
			);
			path = "Emoji DictionaryTests";
			sourceTree = "<group>";
		};
		56D58CFD1DF8B61900EF7586 /* Emoji DictionaryUITests */ = {
			isa = PBXGroup;
			children = (
				56D58CFE1DF8B61900EF7586 /* Emoji_DictionaryUITests.swift */,
				56D58D001DF8B61900EF7586 /* Info.plist */,
			);
			path = "Emoji DictionaryUITests";
			sourceTree = "<group>";
		};
/* End PBXGroup section */

/* Begin PBXNativeTarget section */
		56D58CDA1DF8B61900EF7586 /* Emoji Dictionary */ = {
			isa = PBXNativeTarget;
			buildConfigurationList = 56D58D031DF8B61900EF7586 /* Build configuration list for PBXNativeTarget "Emoji Dictionary" */;
			buildPhases = (
				56D58CD71DF8B61900EF7586 /* Sources */,
				56D58CD81DF8B61900EF7586 /* Frameworks */,
				56D58CD91DF8B61900EF7586 /* Resources */,
			);
			buildRules = (
			);
			dependencies = (
			);
			name = "Emoji Dictionary";
			productName = "Emoji Dictionary";
			productReference = 56D58CDB1DF8B61900EF7586 /* Emoji Dictionary.app */;
			productType = "com.apple.product-type.application";
		};
		56D58CEE1DF8B61900EF7586 /* Emoji DictionaryTests */ = {
			isa = PBXNativeTarget;
			buildConfigurationList = 56D58D061DF8B61900EF7586 /* Build configuration list for PBXNativeTarget "Emoji DictionaryTests" */;
			buildPhases = (
				56D58CEB1DF8B61900EF7586 /* Sources */,
				56D58CEC1DF8B61900EF7586 /* Frameworks */,
				56D58CED1DF8B61900EF7586 /* Resources */,
			);
			buildRules = (
			);
			dependencies = (
				56D58CF11DF8B61900EF7586 /* PBXTargetDependency */,
			);
			name = "Emoji DictionaryTests";
			productName = "Emoji DictionaryTests";
			productReference = 56D58CEF1DF8B61900EF7586 /* Emoji DictionaryTests.xctest */;
			productType = "com.apple.product-type.bundle.unit-test";
		};
		56D58CF91DF8B61900EF7586 /* Emoji DictionaryUITests */ = {
			isa = PBXNativeTarget;
			buildConfigurationList = 56D58D091DF8B61900EF7586 /* Build configuration list for PBXNativeTarget "Emoji DictionaryUITests" */;
			buildPhases = (
				56D58CF61DF8B61900EF7586 /* Sources */,
				56D58CF71DF8B61900EF7586 /* Frameworks */,
				56D58CF81DF8B61900EF7586 /* Resources */,
			);
			buildRules = (
			);
			dependencies = (
				56D58CFC1DF8B61900EF7586 /* PBXTargetDependency */,
			);
			name = "Emoji DictionaryUITests";
			productName = "Emoji DictionaryUITests";
			productReference = 56D58CFA1DF8B61900EF7586 /* Emoji DictionaryUITests.xctest */;
			productType = "com.apple.product-type.bundle.ui-testing";
		};
/* End PBXNativeTarget section */

/* Begin PBXProject section */
		56D58CD31DF8B61900EF7586 /* Project object */ = {
			isa = PBXProject;
			attributes = {
				LastSwiftUpdateCheck = 0730;
				LastUpgradeCheck = 0730;
				ORGANIZATIONNAME = Brian;
				TargetAttributes = {
					56D58CDA1DF8B61900EF7586 = {
						CreatedOnToolsVersion = 7.3.1;
					};
					56D58CEE1DF8B61900EF7586 = {
						CreatedOnToolsVersion = 7.3.1;
						TestTargetID = 56D58CDA1DF8B61900EF7586;
					};
					56D58CF91DF8B61900EF7586 = {
						CreatedOnToolsVersion = 7.3.1;
						TestTargetID = 56D58CDA1DF8B61900EF7586;
					};
				};
			};
			buildConfigurationList = 56D58CD61DF8B61900EF7586 /* Build configuration list for PBXProject "Emoji Dictionary" */;
			compatibilityVersion = "Xcode 3.2";
			developmentRegion = English;
			hasScannedForEncodings = 0;
			knownRegions = (
				en,
				Base,
			);
			mainGroup = 56D58CD21DF8B61900EF7586;
			productRefGroup = 56D58CDC1DF8B61900EF7586 /* Products */;
			projectDirPath = "";
			projectRoot = "";
			targets = (
				56D58CDA1DF8B61900EF7586 /* Emoji Dictionary */,
				56D58CEE1DF8B61900EF7586 /* Emoji DictionaryTests */,
				56D58CF91DF8B61900EF7586 /* Emoji DictionaryUITests */,
			);
		};
/* End PBXProject section */

/* Begin PBXResourcesBuildPhase section */
		56D58CD91DF8B61900EF7586 /* Resources */ = {
			isa = PBXResourcesBuildPhase;
			buildActionMask = 2147483647;
			files = (
				56D58CE91DF8B61900EF7586 /* LaunchScreen.storyboard in Resources */,
				56D58CE61DF8B61900EF7586 /* Assets.xcassets in Resources */,
				56D58CE41DF8B61900EF7586 /* Main.storyboard in Resources */,
			);
			runOnlyForDeploymentPostprocessing = 0;
		};
		56D58CED1DF8B61900EF7586 /* Resources */ = {
			isa = PBXResourcesBuildPhase;
			buildActionMask = 2147483647;
			files = (
			);
			runOnlyForDeploymentPostprocessing = 0;
		};
		56D58CF81DF8B61900EF7586 /* Resources */ = {
			isa = PBXResourcesBuildPhase;
			buildActionMask = 2147483647;
			files = (
			);
			runOnlyForDeploymentPostprocessing = 0;
		};
/* End PBXResourcesBuildPhase section */

/* Begin PBXSourcesBuildPhase section */
		56D58CD71DF8B61900EF7586 /* Sources */ = {
			isa = PBXSourcesBuildPhase;
			buildActionMask = 2147483647;
			files = (
				56D58CE11DF8B61900EF7586 /* ViewController.swift in Sources */,
				56D58CDF1DF8B61900EF7586 /* AppDelegate.swift in Sources */,
			);
			runOnlyForDeploymentPostprocessing = 0;
		};
		56D58CEB1DF8B61900EF7586 /* Sources */ = {
			isa = PBXSourcesBuildPhase;
			buildActionMask = 2147483647;
			files = (
				56D58CF41DF8B61900EF7586 /* Emoji_DictionaryTests.swift in Sources */,
			);
			runOnlyForDeploymentPostprocessing = 0;
		};
		56D58CF61DF8B61900EF7586 /* Sources */ = {
			isa = PBXSourcesBuildPhase;
			buildActionMask = 2147483647;
			files = (
				56D58CFF1DF8B61900EF7586 /* Emoji_DictionaryUITests.swift in Sources */,
			);
			runOnlyForDeploymentPostprocessing = 0;
		};
/* End PBXSourcesBuildPhase section */

/* Begin PBXTargetDependency section */
		56D58CF11DF8B61900EF7586 /* PBXTargetDependency */ = {
			isa = PBXTargetDependency;
			target = 56D58CDA1DF8B61900EF7586 /* Emoji Dictionary */;
			targetProxy = 56D58CF01DF8B61900EF7586 /* PBXContainerItemProxy */;
		};
		56D58CFC1DF8B61900EF7586 /* PBXTargetDependency */ = {
			isa = PBXTargetDependency;
			target = 56D58CDA1DF8B61900EF7586 /* Emoji Dictionary */;
			targetProxy = 56D58CFB1DF8B61900EF7586 /* PBXContainerItemProxy */;
		};
/* End PBXTargetDependency section */

/* Begin PBXVariantGroup section */
		56D58CE21DF8B61900EF7586 /* Main.storyboard */ = {
			isa = PBXVariantGroup;
			children = (
				56D58CE31DF8B61900EF7586 /* Base */,
			);
			name = Main.storyboard;
			sourceTree = "<group>";
		};
		56D58CE71DF8B61900EF7586 /* LaunchScreen.storyboard */ = {
			isa = PBXVariantGroup;
			children = (
				56D58CE81DF8B61900EF7586 /* Base */,
			);
			name = LaunchScreen.storyboard;
			sourceTree = "<group>";
		};
/* End PBXVariantGroup section */

/* Begin XCBuildConfiguration section */
		56D58D011DF8B61900EF7586 /* Debug */ = {
			isa = XCBuildConfiguration;
			buildSettings = {
				ALWAYS_SEARCH_USER_PATHS = NO;
				CLANG_ANALYZER_NONNULL = YES;
				CLANG_CXX_LANGUAGE_STANDARD = "gnu++0x";
				CLANG_CXX_LIBRARY = "libc++";
				CLANG_ENABLE_MODULES = YES;
				CLANG_ENABLE_OBJC_ARC = YES;
				CLANG_WARN_BOOL_CONVERSION = YES;
				CLANG_WARN_CONSTANT_CONVERSION = YES;
				CLANG_WARN_DIRECT_OBJC_ISA_USAGE = YES_ERROR;
				CLANG_WARN_EMPTY_BODY = YES;
				CLANG_WARN_ENUM_CONVERSION = YES;
				CLANG_WARN_INT_CONVERSION = YES;
				CLANG_WARN_OBJC_ROOT_CLASS = YES_ERROR;
				CLANG_WARN_UNREACHABLE_CODE = YES;
				CLANG_WARN__DUPLICATE_METHOD_MATCH = YES;
				"CODE_SIGN_IDENTITY[sdk=iphoneos*]" = "iPhone Developer";
				COPY_PHASE_STRIP = NO;
				DEBUG_INFORMATION_FORMAT = dwarf;
				ENABLE_STRICT_OBJC_MSGSEND = YES;
				ENABLE_TESTABILITY = YES;
				GCC_C_LANGUAGE_STANDARD = gnu99;
				GCC_DYNAMIC_NO_PIC = NO;
				GCC_NO_COMMON_BLOCKS = YES;
				GCC_OPTIMIZATION_LEVEL = 0;
				GCC_PREPROCESSOR_DEFINITIONS = (
					"DEBUG=1",
					"$(inherited)",
				);
				GCC_WARN_64_TO_32_BIT_CONVERSION = YES;
				GCC_WARN_ABOUT_RETURN_TYPE = YES_ERROR;
				GCC_WARN_UNDECLARED_SELECTOR = YES;
				GCC_WARN_UNINITIALIZED_AUTOS = YES_AGGRESSIVE;
				GCC_WARN_UNUSED_FUNCTION = YES;
				GCC_WARN_UNUSED_VARIABLE = YES;
				IPHONEOS_DEPLOYMENT_TARGET = 9.3;
				MTL_ENABLE_DEBUG_INFO = YES;
				ONLY_ACTIVE_ARCH = YES;
				SDKROOT = iphoneos;
				SWIFT_OPTIMIZATION_LEVEL = "-Onone";
				TARGETED_DEVICE_FAMILY = "1,2";
			};
			name = Debug;
		};
		56D58D021DF8B61900EF7586 /* Release */ = {
			isa = XCBuildConfiguration;
			buildSettings = {
				ALWAYS_SEARCH_USER_PATHS = NO;
				CLANG_ANALYZER_NONNULL = YES;
				CLANG_CXX_LANGUAGE_STANDARD = "gnu++0x";
				CLANG_CXX_LIBRARY = "libc++";
				CLANG_ENABLE_MODULES = YES;
				CLANG_ENABLE_OBJC_ARC = YES;
				CLANG_WARN_BOOL_CONVERSION = YES;
				CLANG_WARN_CONSTANT_CONVERSION = YES;
				CLANG_WARN_DIRECT_OBJC_ISA_USAGE = YES_ERROR;
				CLANG_WARN_EMPTY_BODY = YES;
				CLANG_WARN_ENUM_CONVERSION = YES;
				CLANG_WARN_INT_CONVERSION = YES;
				CLANG_WARN_OBJC_ROOT_CLASS = YES_ERROR;
				CLANG_WARN_UNREACHABLE_CODE = YES;
				CLANG_WARN__DUPLICATE_METHOD_MATCH = YES;
				"CODE_SIGN_IDENTITY[sdk=iphoneos*]" = "iPhone Developer";
				COPY_PHASE_STRIP = NO;
				DEBUG_INFORMATION_FORMAT = "dwarf-with-dsym";
				ENABLE_NS_ASSERTIONS = NO;
				ENABLE_STRICT_OBJC_MSGSEND = YES;
				GCC_C_LANGUAGE_STANDARD = gnu99;
				GCC_NO_COMMON_BLOCKS = YES;
				GCC_WARN_64_TO_32_BIT_CONVERSION = YES;
				GCC_WARN_ABOUT_RETURN_TYPE = YES_ERROR;
				GCC_WARN_UNDECLARED_SELECTOR = YES;
				GCC_WARN_UNINITIALIZED_AUTOS = YES_AGGRESSIVE;
				GCC_WARN_UNUSED_FUNCTION = YES;
				GCC_WARN_UNUSED_VARIABLE = YES;
				IPHONEOS_DEPLOYMENT_TARGET = 9.3;
				MTL_ENABLE_DEBUG_INFO = NO;
				SDKROOT = iphoneos;
				TARGETED_DEVICE_FAMILY = "1,2";
				VALIDATE_PRODUCT = YES;
			};
			name = Release;
		};
		56D58D041DF8B61900EF7586 /* Debug */ = {
			isa = XCBuildConfiguration;
			buildSettings = {
				ASSETCATALOG_COMPILER_APPICON_NAME = AppIcon;
				INFOPLIST_FILE = "Emoji Dictionary/Info.plist";
				LD_RUNPATH_SEARCH_PATHS = "$(inherited) @executable_path/Frameworks";
				PRODUCT_BUNDLE_IDENTIFIER = "edo.Emoji-Dictionary";
				PRODUCT_NAME = "$(TARGET_NAME)";
			};
			name = Debug;
		};
		56D58D051DF8B61900EF7586 /* Release */ = {
			isa = XCBuildConfiguration;
			buildSettings = {
				ASSETCATALOG_COMPILER_APPICON_NAME = AppIcon;
				INFOPLIST_FILE = "Emoji Dictionary/Info.plist";
				LD_RUNPATH_SEARCH_PATHS = "$(inherited) @executable_path/Frameworks";
				PRODUCT_BUNDLE_IDENTIFIER = "edo.Emoji-Dictionary";
				PRODUCT_NAME = "$(TARGET_NAME)";
			};
			name = Release;
		};
		56D58D071DF8B61900EF7586 /* Debug */ = {
			isa = XCBuildConfiguration;
			buildSettings = {
				BUNDLE_LOADER = "$(TEST_HOST)";
				INFOPLIST_FILE = "Emoji DictionaryTests/Info.plist";
				LD_RUNPATH_SEARCH_PATHS = "$(inherited) @executable_path/Frameworks @loader_path/Frameworks";
				PRODUCT_BUNDLE_IDENTIFIER = "edo.Emoji-DictionaryTests";
				PRODUCT_NAME = "$(TARGET_NAME)";
				TEST_HOST = "$(BUILT_PRODUCTS_DIR)/Emoji Dictionary.app/Emoji Dictionary";
			};
			name = Debug;
		};
		56D58D081DF8B61900EF7586 /* Release */ = {
			isa = XCBuildConfiguration;
			buildSettings = {
				BUNDLE_LOADER = "$(TEST_HOST)";
				INFOPLIST_FILE = "Emoji DictionaryTests/Info.plist";
				LD_RUNPATH_SEARCH_PATHS = "$(inherited) @executable_path/Frameworks @loader_path/Frameworks";
				PRODUCT_BUNDLE_IDENTIFIER = "edo.Emoji-DictionaryTests";
				PRODUCT_NAME = "$(TARGET_NAME)";
				TEST_HOST = "$(BUILT_PRODUCTS_DIR)/Emoji Dictionary.app/Emoji Dictionary";
			};
			name = Release;
		};
		56D58D0A1DF8B61900EF7586 /* Debug */ = {
			isa = XCBuildConfiguration;
			buildSettings = {
				INFOPLIST_FILE = "Emoji DictionaryUITests/Info.plist";
				LD_RUNPATH_SEARCH_PATHS = "$(inherited) @executable_path/Frameworks @loader_path/Frameworks";
				PRODUCT_BUNDLE_IDENTIFIER = "edo.Emoji-DictionaryUITests";
				PRODUCT_NAME = "$(TARGET_NAME)";
				TEST_TARGET_NAME = "Emoji Dictionary";
			};
			name = Debug;
		};
		56D58D0B1DF8B61900EF7586 /* Release */ = {
			isa = XCBuildConfiguration;
			buildSettings = {
				INFOPLIST_FILE = "Emoji DictionaryUITests/Info.plist";
				LD_RUNPATH_SEARCH_PATHS = "$(inherited) @executable_path/Frameworks @loader_path/Frameworks";
				PRODUCT_BUNDLE_IDENTIFIER = "edo.Emoji-DictionaryUITests";
				PRODUCT_NAME = "$(TARGET_NAME)";
				TEST_TARGET_NAME = "Emoji Dictionary";
			};
			name = Release;
		};
/* End XCBuildConfiguration section */

/* Begin XCConfigurationList section */
		56D58CD61DF8B61900EF7586 /* Build configuration list for PBXProject "Emoji Dictionary" */ = {
			isa = XCConfigurationList;
			buildConfigurations = (
				56D58D011DF8B61900EF7586 /* Debug */,
				56D58D021DF8B61900EF7586 /* Release */,
			);
			defaultConfigurationIsVisible = 0;
			defaultConfigurationName = Release;
		};
		56D58D031DF8B61900EF7586 /* Build configuration list for PBXNativeTarget "Emoji Dictionary" */ = {
			isa = XCConfigurationList;
			buildConfigurations = (
				56D58D041DF8B61900EF7586 /* Debug */,
				56D58D051DF8B61900EF7586 /* Release */,
			);
			defaultConfigurationIsVisible = 0;
		};
		56D58D061DF8B61900EF7586 /* Build configuration list for PBXNativeTarget "Emoji DictionaryTests" */ = {
			isa = XCConfigurationList;
			buildConfigurations = (
				56D58D071DF8B61900EF7586 /* Debug */,
				56D58D081DF8B61900EF7586 /* Release */,
			);
			defaultConfigurationIsVisible = 0;
		};
		56D58D091DF8B61900EF7586 /* Build configuration list for PBXNativeTarget "Emoji DictionaryUITests" */ = {
			isa = XCConfigurationList;
			buildConfigurations = (
				56D58D0A1DF8B61900EF7586 /* Debug */,
				56D58D0B1DF8B61900EF7586 /* Release */,
			);
			defaultConfigurationIsVisible = 0;
		};
/* End XCConfigurationList section */
	};
	rootObject = 56D58CD31DF8B61900EF7586 /* Project object */;
}
